// !$*UTF8*$!
{
	archiveVersion = 1;
	classes = {
	};
	objectVersion = 46;
	objects = {

/* Begin PBXBuildFile section */
		EE030AE41B3BD8B90061986A /* SVIndefiniteAnimatedView.m in Sources */ = {isa = PBXBuildFile; fileRef = EE030ADF1B3BD8B90061986A /* SVIndefiniteAnimatedView.m */; };
		EE030AE51B3BD8B90061986A /* SVProgressHUD.bundle in Resources */ = {isa = PBXBuildFile; fileRef = EE030AE11B3BD8B90061986A /* SVProgressHUD.bundle */; };
		EE030AE61B3BD8B90061986A /* SVProgressHUD.m in Sources */ = {isa = PBXBuildFile; fileRef = EE030AE31B3BD8B90061986A /* SVProgressHUD.m */; };
		EE55A76C1B392A8E00D473B0 /* filter_lut_1.png in Resources */ = {isa = PBXBuildFile; fileRef = EE55A7681B392A8E00D473B0 /* filter_lut_1.png */; };
		EE55A76D1B392A8E00D473B0 /* filter_lut_2.png in Resources */ = {isa = PBXBuildFile; fileRef = EE55A7691B392A8E00D473B0 /* filter_lut_2.png */; };
		EE55A76E1B392A8E00D473B0 /* filter_lut_3.png in Resources */ = {isa = PBXBuildFile; fileRef = EE55A76A1B392A8E00D473B0 /* filter_lut_3.png */; };
		EE55A76F1B392A8E00D473B0 /* filter_lut_4.png in Resources */ = {isa = PBXBuildFile; fileRef = EE55A76B1B392A8E00D473B0 /* filter_lut_4.png */; };
		EE55A7731B392BE300D473B0 /* FeSlideFilterView.m in Sources */ = {isa = PBXBuildFile; fileRef = EE55A7721B392BE300D473B0 /* FeSlideFilterView.m */; };
		EE55A7761B392DCF00D473B0 /* CIFilter+LUT.m in Sources */ = {isa = PBXBuildFile; fileRef = EE55A7751B392DCF00D473B0 /* CIFilter+LUT.m */; };
		EE55A77E1B39315300D473B0 /* done.png in Resources */ = {isa = PBXBuildFile; fileRef = EE55A77C1B39315300D473B0 /* done.png */; };
		EE55A77F1B39315300D473B0 /* done@2x.png in Resources */ = {isa = PBXBuildFile; fileRef = EE55A77D1B39315300D473B0 /* done@2x.png */; };
		EE55A7811B39315F00D473B0 /* sample.jpg in Resources */ = {isa = PBXBuildFile; fileRef = EE55A7801B39315F00D473B0 /* sample.jpg */; };
		EE55A7851B394E5900D473B0 /* CameraRecordViewController.m in Sources */ = {isa = PBXBuildFile; fileRef = EE55A7831B394E5900D473B0 /* CameraRecordViewController.m */; };
		EE55A7A31B394F6000D473B0 /* bg_countdown_view.png in Resources */ = {isa = PBXBuildFile; fileRef = EE55A7871B394F6000D473B0 /* bg_countdown_view.png */; };
		EE55A7A41B394F6000D473B0 /* bg_countdown_view@2x.png in Resources */ = {isa = PBXBuildFile; fileRef = EE55A7881B394F6000D473B0 /* bg_countdown_view@2x.png */; };
		EE55A7A51B394F6000D473B0 /* btn_camera_done_a.png in Resources */ = {isa = PBXBuildFile; fileRef = EE55A7891B394F6000D473B0 /* btn_camera_done_a.png */; };
		EE55A7A61B394F6000D473B0 /* btn_camera_done_a@2x.png in Resources */ = {isa = PBXBuildFile; fileRef = EE55A78A1B394F6000D473B0 /* btn_camera_done_a@2x.png */; };
		EE55A7A71B394F6000D473B0 /* btn_cancel_a.png in Resources */ = {isa = PBXBuildFile; fileRef = EE55A78B1B394F6000D473B0 /* btn_cancel_a.png */; };
		EE55A7A81B394F6000D473B0 /* btn_cancel_a@2x.png in Resources */ = {isa = PBXBuildFile; fileRef = EE55A78C1B394F6000D473B0 /* btn_cancel_a@2x.png */; };
		EE55A7A91B394F6000D473B0 /* btn_del_a.png in Resources */ = {isa = PBXBuildFile; fileRef = EE55A78D1B394F6000D473B0 /* btn_del_a.png */; };
		EE55A7AA1B394F6000D473B0 /* btn_del_a@2x.png in Resources */ = {isa = PBXBuildFile; fileRef = EE55A78E1B394F6000D473B0 /* btn_del_a@2x.png */; };
		EE55A7AB1B394F6000D473B0 /* btn_tabBar_bg.png in Resources */ = {isa = PBXBuildFile; fileRef = EE55A78F1B394F6000D473B0 /* btn_tabBar_bg.png */; };
		EE55A7AC1B394F6000D473B0 /* btn_tabBar_bg@2x.png in Resources */ = {isa = PBXBuildFile; fileRef = EE55A7901B394F6000D473B0 /* btn_tabBar_bg@2x.png */; };
		EE55A7AD1B394F6000D473B0 /* btn_video_flash_close.png in Resources */ = {isa = PBXBuildFile; fileRef = EE55A7911B394F6000D473B0 /* btn_video_flash_close.png */; };
		EE55A7AE1B394F6000D473B0 /* btn_video_flash_close@2x.png in Resources */ = {isa = PBXBuildFile; fileRef = EE55A7921B394F6000D473B0 /* btn_video_flash_close@2x.png */; };
		EE55A7AF1B394F6000D473B0 /* btn_video_flash_open.png in Resources */ = {isa = PBXBuildFile; fileRef = EE55A7931B394F6000D473B0 /* btn_video_flash_open.png */; };
		EE55A7B01B394F6000D473B0 /* btn_video_flash_open@2x.png in Resources */ = {isa = PBXBuildFile; fileRef = EE55A7941B394F6000D473B0 /* btn_video_flash_open@2x.png */; };
		EE55A7B11B394F6000D473B0 /* btn_video_flip_camera.png in Resources */ = {isa = PBXBuildFile; fileRef = EE55A7951B394F6000D473B0 /* btn_video_flip_camera.png */; };
		EE55A7B21B394F6000D473B0 /* btn_video_flip_camera@2x.png in Resources */ = {isa = PBXBuildFile; fileRef = EE55A7961B394F6000D473B0 /* btn_video_flip_camera@2x.png */; };
		EE55A7B31B394F6000D473B0 /* camera_focus_red.png in Resources */ = {isa = PBXBuildFile; fileRef = EE55A7971B394F6000D473B0 /* camera_focus_red.png */; };
		EE55A7B41B394F6000D473B0 /* camera_focus_red@2x.png in Resources */ = {isa = PBXBuildFile; fileRef = EE55A7981B394F6000D473B0 /* camera_focus_red@2x.png */; };
		EE55A7B51B394F6000D473B0 /* icon_btn_camera_flash_auto.png in Resources */ = {isa = PBXBuildFile; fileRef = EE55A7991B394F6000D473B0 /* icon_btn_camera_flash_auto.png */; };
		EE55A7B61B394F6000D473B0 /* icon_btn_camera_flash_auto@2x.png in Resources */ = {isa = PBXBuildFile; fileRef = EE55A79A1B394F6000D473B0 /* icon_btn_camera_flash_auto@2x.png */; };
		EE55A7B71B394F6000D473B0 /* icon_btn_camera_flash_off.png in Resources */ = {isa = PBXBuildFile; fileRef = EE55A79B1B394F6000D473B0 /* icon_btn_camera_flash_off.png */; };
		EE55A7B81B394F6000D473B0 /* icon_btn_camera_flash_off@2x.png in Resources */ = {isa = PBXBuildFile; fileRef = EE55A79C1B394F6000D473B0 /* icon_btn_camera_flash_off@2x.png */; };
		EE55A7B91B394F6000D473B0 /* icon_btn_camera_flash_on.png in Resources */ = {isa = PBXBuildFile; fileRef = EE55A79D1B394F6000D473B0 /* icon_btn_camera_flash_on.png */; };
		EE55A7BA1B394F6000D473B0 /* icon_btn_camera_flash_on@2x.png in Resources */ = {isa = PBXBuildFile; fileRef = EE55A79E1B394F6000D473B0 /* icon_btn_camera_flash_on@2x.png */; };
		EE55A7BB1B394F6000D473B0 /* icon_facial_btn_take.png in Resources */ = {isa = PBXBuildFile; fileRef = EE55A79F1B394F6000D473B0 /* icon_facial_btn_take.png */; };
		EE55A7BC1B394F6000D473B0 /* icon_facial_btn_take@2x.png in Resources */ = {isa = PBXBuildFile; fileRef = EE55A7A01B394F6000D473B0 /* icon_facial_btn_take@2x.png */; };
		EE55A7BD1B394F6000D473B0 /* sc_btn_take.png in Resources */ = {isa = PBXBuildFile; fileRef = EE55A7A11B394F6000D473B0 /* sc_btn_take.png */; };
		EE55A7BE1B394F6000D473B0 /* sc_btn_take@2x.png in Resources */ = {isa = PBXBuildFile; fileRef = EE55A7A21B394F6000D473B0 /* sc_btn_take@2x.png */; };
		EE55A7C21B3951BB00D473B0 /* CustomFilterButtonView.m in Sources */ = {isa = PBXBuildFile; fileRef = EE55A7C11B3951BB00D473B0 /* CustomFilterButtonView.m */; };
		EE7CADCB1B3968CB0099CB60 /* AssetsLibrary.framework in Frameworks */ = {isa = PBXBuildFile; fileRef = EE7CADCA1B3968CB0099CB60 /* AssetsLibrary.framework */; };
		EE7CADCD1B3968F40099CB60 /* AVFoundation.framework in Frameworks */ = {isa = PBXBuildFile; fileRef = EE7CADCC1B3968F40099CB60 /* AVFoundation.framework */; };
		EE83CE471B39721500AECC81 /* AVCamRecorder.m in Sources */ = {isa = PBXBuildFile; fileRef = EE83CE401B39721500AECC81 /* AVCamRecorder.m */; };
		EE83CE481B39721500AECC81 /* AVCamUtilities.m in Sources */ = {isa = PBXBuildFile; fileRef = EE83CE421B39721500AECC81 /* AVCamUtilities.m */; };
		EE83CE491B39721500AECC81 /* CaptureManager.m in Sources */ = {isa = PBXBuildFile; fileRef = EE83CE441B39721500AECC81 /* CaptureManager.m */; };
		EE83CE4A1B39721500AECC81 /* KZCameraView.m in Sources */ = {isa = PBXBuildFile; fileRef = EE83CE461B39721500AECC81 /* KZCameraView.m */; };
		EE83CE4D1B39723500AECC81 /* RecorderViewController.m in Sources */ = {isa = PBXBuildFile; fileRef = EE83CE4C1B39723500AECC81 /* RecorderViewController.m */; };
		EE9457701B2572C100C305EE /* main.m in Sources */ = {isa = PBXBuildFile; fileRef = EE94576F1B2572C100C305EE /* main.m */; };
		EE9457731B2572C100C305EE /* AppDelegate.m in Sources */ = {isa = PBXBuildFile; fileRef = EE9457721B2572C100C305EE /* AppDelegate.m */; };
		EE9457791B2572C100C305EE /* Main.storyboard in Resources */ = {isa = PBXBuildFile; fileRef = EE9457771B2572C100C305EE /* Main.storyboard */; };
		EE94577B1B2572C100C305EE /* Images.xcassets in Resources */ = {isa = PBXBuildFile; fileRef = EE94577A1B2572C100C305EE /* Images.xcassets */; };
		EE94577E1B2572C100C305EE /* LaunchScreen.xib in Resources */ = {isa = PBXBuildFile; fileRef = EE94577C1B2572C100C305EE /* LaunchScreen.xib */; };
		EE94578A1B2572C100C305EE /* MyImageFilterTests.m in Sources */ = {isa = PBXBuildFile; fileRef = EE9457891B2572C100C305EE /* MyImageFilterTests.m */; };
		EE9457951B25732100C305EE /* HomeViewController.m in Sources */ = {isa = PBXBuildFile; fileRef = EE9457941B25732100C305EE /* HomeViewController.m */; };
		EE9457981B25733100C305EE /* SearchViewController.m in Sources */ = {isa = PBXBuildFile; fileRef = EE9457971B25733100C305EE /* SearchViewController.m */; };
		EE94579B1B25739C00C305EE /* PersonInfoViewController.m in Sources */ = {isa = PBXBuildFile; fileRef = EE94579A1B25739C00C305EE /* PersonInfoViewController.m */; };
		EE94579F1B2581DD00C305EE /* PhotoEditingViewController.m in Sources */ = {isa = PBXBuildFile; fileRef = EE94579D1B2581DD00C305EE /* PhotoEditingViewController.m */; };
		EE9457A01B2581DD00C305EE /* PhotoEditingViewController.xib in Resources */ = {isa = PBXBuildFile; fileRef = EE94579E1B2581DD00C305EE /* PhotoEditingViewController.xib */; };
		EEA5E69A1B3A9F0800D46934 /* PhotoCollectionViewCell.m in Sources */ = {isa = PBXBuildFile; fileRef = EEA5E6981B3A9F0800D46934 /* PhotoCollectionViewCell.m */; };
		EEA5E69B1B3A9F0800D46934 /* PhotoCollectionViewCell.xib in Resources */ = {isa = PBXBuildFile; fileRef = EEA5E6991B3A9F0800D46934 /* PhotoCollectionViewCell.xib */; };
		EEE2779C1B3A5F38005DC33C /* ImagePickerViewController.m in Sources */ = {isa = PBXBuildFile; fileRef = EEE2779B1B3A5F38005DC33C /* ImagePickerViewController.m */; };
		EEF675181B31805C00161F87 /* UIImage+Filter.m in Sources */ = {isa = PBXBuildFile; fileRef = EEF675171B31805C00161F87 /* UIImage+Filter.m */; };
		EEF6751B1B3180C600161F87 /* CIFilter+Image.m in Sources */ = {isa = PBXBuildFile; fileRef = EEF6751A1B3180C600161F87 /* CIFilter+Image.m */; };
		EEF6751F1B32BCAE00161F87 /* UIImage+Mark.m in Sources */ = {isa = PBXBuildFile; fileRef = EEF6751E1B32BCAE00161F87 /* UIImage+Mark.m */; };
/* End PBXBuildFile section */

/* Begin PBXContainerItemProxy section */
		EE9457841B2572C100C305EE /* PBXContainerItemProxy */ = {
			isa = PBXContainerItemProxy;
			containerPortal = EE9457621B2572C100C305EE /* Project object */;
			proxyType = 1;
			remoteGlobalIDString = EE9457691B2572C100C305EE;
			remoteInfo = MyImageFilter;
		};
/* End PBXContainerItemProxy section */

/* Begin PBXFileReference section */
		EE030ADE1B3BD8B90061986A /* SVIndefiniteAnimatedView.h */ = {isa = PBXFileReference; fileEncoding = 4; lastKnownFileType = sourcecode.c.h; path = SVIndefiniteAnimatedView.h; sourceTree = "<group>"; };
		EE030ADF1B3BD8B90061986A /* SVIndefiniteAnimatedView.m */ = {isa = PBXFileReference; fileEncoding = 4; lastKnownFileType = sourcecode.c.objc; path = SVIndefiniteAnimatedView.m; sourceTree = "<group>"; };
		EE030AE01B3BD8B90061986A /* SVProgressHUD-Prefix.pch */ = {isa = PBXFileReference; fileEncoding = 4; lastKnownFileType = sourcecode.c.h; path = "SVProgressHUD-Prefix.pch"; sourceTree = "<group>"; };
		EE030AE11B3BD8B90061986A /* SVProgressHUD.bundle */ = {isa = PBXFileReference; lastKnownFileType = "wrapper.plug-in"; path = SVProgressHUD.bundle; sourceTree = "<group>"; };
		EE030AE21B3BD8B90061986A /* SVProgressHUD.h */ = {isa = PBXFileReference; fileEncoding = 4; lastKnownFileType = sourcecode.c.h; path = SVProgressHUD.h; sourceTree = "<group>"; };
		EE030AE31B3BD8B90061986A /* SVProgressHUD.m */ = {isa = PBXFileReference; fileEncoding = 4; lastKnownFileType = sourcecode.c.objc; path = SVProgressHUD.m; sourceTree = "<group>"; };
		EE55A7681B392A8E00D473B0 /* filter_lut_1.png */ = {isa = PBXFileReference; lastKnownFileType = image.png; path = filter_lut_1.png; sourceTree = "<group>"; };
		EE55A7691B392A8E00D473B0 /* filter_lut_2.png */ = {isa = PBXFileReference; lastKnownFileType = image.png; path = filter_lut_2.png; sourceTree = "<group>"; };
		EE55A76A1B392A8E00D473B0 /* filter_lut_3.png */ = {isa = PBXFileReference; lastKnownFileType = image.png; path = filter_lut_3.png; sourceTree = "<group>"; };
		EE55A76B1B392A8E00D473B0 /* filter_lut_4.png */ = {isa = PBXFileReference; lastKnownFileType = image.png; path = filter_lut_4.png; sourceTree = "<group>"; };
		EE55A7711B392BE300D473B0 /* FeSlideFilterView.h */ = {isa = PBXFileReference; fileEncoding = 4; lastKnownFileType = sourcecode.c.h; path = FeSlideFilterView.h; sourceTree = "<group>"; };
		EE55A7721B392BE300D473B0 /* FeSlideFilterView.m */ = {isa = PBXFileReference; fileEncoding = 4; lastKnownFileType = sourcecode.c.objc; path = FeSlideFilterView.m; sourceTree = "<group>"; };
		EE55A7741B392DCF00D473B0 /* CIFilter+LUT.h */ = {isa = PBXFileReference; fileEncoding = 4; lastKnownFileType = sourcecode.c.h; path = "CIFilter+LUT.h"; sourceTree = "<group>"; };
		EE55A7751B392DCF00D473B0 /* CIFilter+LUT.m */ = {isa = PBXFileReference; fileEncoding = 4; lastKnownFileType = sourcecode.c.objc; path = "CIFilter+LUT.m"; sourceTree = "<group>"; };
		EE55A77C1B39315300D473B0 /* done.png */ = {isa = PBXFileReference; lastKnownFileType = image.png; path = done.png; sourceTree = "<group>"; };
		EE55A77D1B39315300D473B0 /* done@2x.png */ = {isa = PBXFileReference; lastKnownFileType = image.png; path = "done@2x.png"; sourceTree = "<group>"; };
		EE55A7801B39315F00D473B0 /* sample.jpg */ = {isa = PBXFileReference; lastKnownFileType = image.jpeg; path = sample.jpg; sourceTree = "<group>"; };
		EE55A7821B394E5900D473B0 /* CameraRecordViewController.h */ = {isa = PBXFileReference; fileEncoding = 4; lastKnownFileType = sourcecode.c.h; path = CameraRecordViewController.h; sourceTree = "<group>"; };
		EE55A7831B394E5900D473B0 /* CameraRecordViewController.m */ = {isa = PBXFileReference; fileEncoding = 4; lastKnownFileType = sourcecode.c.objc; path = CameraRecordViewController.m; sourceTree = "<group>"; };
		EE55A7871B394F6000D473B0 /* bg_countdown_view.png */ = {isa = PBXFileReference; lastKnownFileType = image.png; path = bg_countdown_view.png; sourceTree = "<group>"; };
		EE55A7881B394F6000D473B0 /* bg_countdown_view@2x.png */ = {isa = PBXFileReference; lastKnownFileType = image.png; path = "bg_countdown_view@2x.png"; sourceTree = "<group>"; };
		EE55A7891B394F6000D473B0 /* btn_camera_done_a.png */ = {isa = PBXFileReference; lastKnownFileType = image.png; path = btn_camera_done_a.png; sourceTree = "<group>"; };
		EE55A78A1B394F6000D473B0 /* btn_camera_done_a@2x.png */ = {isa = PBXFileReference; lastKnownFileType = image.png; path = "btn_camera_done_a@2x.png"; sourceTree = "<group>"; };
		EE55A78B1B394F6000D473B0 /* btn_cancel_a.png */ = {isa = PBXFileReference; lastKnownFileType = image.png; path = btn_cancel_a.png; sourceTree = "<group>"; };
		EE55A78C1B394F6000D473B0 /* btn_cancel_a@2x.png */ = {isa = PBXFileReference; lastKnownFileType = image.png; path = "btn_cancel_a@2x.png"; sourceTree = "<group>"; };
		EE55A78D1B394F6000D473B0 /* btn_del_a.png */ = {isa = PBXFileReference; lastKnownFileType = image.png; path = btn_del_a.png; sourceTree = "<group>"; };
		EE55A78E1B394F6000D473B0 /* btn_del_a@2x.png */ = {isa = PBXFileReference; lastKnownFileType = image.png; path = "btn_del_a@2x.png"; sourceTree = "<group>"; };
		EE55A78F1B394F6000D473B0 /* btn_tabBar_bg.png */ = {isa = PBXFileReference; lastKnownFileType = image.png; path = btn_tabBar_bg.png; sourceTree = "<group>"; };
		EE55A7901B394F6000D473B0 /* btn_tabBar_bg@2x.png */ = {isa = PBXFileReference; lastKnownFileType = image.png; path = "btn_tabBar_bg@2x.png"; sourceTree = "<group>"; };
		EE55A7911B394F6000D473B0 /* btn_video_flash_close.png */ = {isa = PBXFileReference; lastKnownFileType = image.png; path = btn_video_flash_close.png; sourceTree = "<group>"; };
		EE55A7921B394F6000D473B0 /* btn_video_flash_close@2x.png */ = {isa = PBXFileReference; lastKnownFileType = image.png; path = "btn_video_flash_close@2x.png"; sourceTree = "<group>"; };
		EE55A7931B394F6000D473B0 /* btn_video_flash_open.png */ = {isa = PBXFileReference; lastKnownFileType = image.png; path = btn_video_flash_open.png; sourceTree = "<group>"; };
		EE55A7941B394F6000D473B0 /* btn_video_flash_open@2x.png */ = {isa = PBXFileReference; lastKnownFileType = image.png; path = "btn_video_flash_open@2x.png"; sourceTree = "<group>"; };
		EE55A7951B394F6000D473B0 /* btn_video_flip_camera.png */ = {isa = PBXFileReference; lastKnownFileType = image.png; path = btn_video_flip_camera.png; sourceTree = "<group>"; };
		EE55A7961B394F6000D473B0 /* btn_video_flip_camera@2x.png */ = {isa = PBXFileReference; lastKnownFileType = image.png; path = "btn_video_flip_camera@2x.png"; sourceTree = "<group>"; };
		EE55A7971B394F6000D473B0 /* camera_focus_red.png */ = {isa = PBXFileReference; lastKnownFileType = image.png; path = camera_focus_red.png; sourceTree = "<group>"; };
		EE55A7981B394F6000D473B0 /* camera_focus_red@2x.png */ = {isa = PBXFileReference; lastKnownFileType = image.png; path = "camera_focus_red@2x.png"; sourceTree = "<group>"; };
		EE55A7991B394F6000D473B0 /* icon_btn_camera_flash_auto.png */ = {isa = PBXFileReference; lastKnownFileType = image.png; path = icon_btn_camera_flash_auto.png; sourceTree = "<group>"; };
		EE55A79A1B394F6000D473B0 /* icon_btn_camera_flash_auto@2x.png */ = {isa = PBXFileReference; lastKnownFileType = image.png; path = "icon_btn_camera_flash_auto@2x.png"; sourceTree = "<group>"; };
		EE55A79B1B394F6000D473B0 /* icon_btn_camera_flash_off.png */ = {isa = PBXFileReference; lastKnownFileType = image.png; path = icon_btn_camera_flash_off.png; sourceTree = "<group>"; };
		EE55A79C1B394F6000D473B0 /* icon_btn_camera_flash_off@2x.png */ = {isa = PBXFileReference; lastKnownFileType = image.png; path = "icon_btn_camera_flash_off@2x.png"; sourceTree = "<group>"; };
		EE55A79D1B394F6000D473B0 /* icon_btn_camera_flash_on.png */ = {isa = PBXFileReference; lastKnownFileType = image.png; path = icon_btn_camera_flash_on.png; sourceTree = "<group>"; };
		EE55A79E1B394F6000D473B0 /* icon_btn_camera_flash_on@2x.png */ = {isa = PBXFileReference; lastKnownFileType = image.png; path = "icon_btn_camera_flash_on@2x.png"; sourceTree = "<group>"; };
		EE55A79F1B394F6000D473B0 /* icon_facial_btn_take.png */ = {isa = PBXFileReference; lastKnownFileType = image.png; path = icon_facial_btn_take.png; sourceTree = "<group>"; };
		EE55A7A01B394F6000D473B0 /* icon_facial_btn_take@2x.png */ = {isa = PBXFileReference; lastKnownFileType = image.png; path = "icon_facial_btn_take@2x.png"; sourceTree = "<group>"; };
		EE55A7A11B394F6000D473B0 /* sc_btn_take.png */ = {isa = PBXFileReference; lastKnownFileType = image.png; path = sc_btn_take.png; sourceTree = "<group>"; };
		EE55A7A21B394F6000D473B0 /* sc_btn_take@2x.png */ = {isa = PBXFileReference; lastKnownFileType = image.png; path = "sc_btn_take@2x.png"; sourceTree = "<group>"; };
		EE55A7C01B3951BB00D473B0 /* CustomFilterButtonView.h */ = {isa = PBXFileReference; fileEncoding = 4; lastKnownFileType = sourcecode.c.h; path = CustomFilterButtonView.h; sourceTree = "<group>"; };
		EE55A7C11B3951BB00D473B0 /* CustomFilterButtonView.m */ = {isa = PBXFileReference; fileEncoding = 4; lastKnownFileType = sourcecode.c.objc; path = CustomFilterButtonView.m; sourceTree = "<group>"; };
		EE7CADCA1B3968CB0099CB60 /* AssetsLibrary.framework */ = {isa = PBXFileReference; lastKnownFileType = wrapper.framework; name = AssetsLibrary.framework; path = System/Library/Frameworks/AssetsLibrary.framework; sourceTree = SDKROOT; };
		EE7CADCC1B3968F40099CB60 /* AVFoundation.framework */ = {isa = PBXFileReference; lastKnownFileType = wrapper.framework; name = AVFoundation.framework; path = System/Library/Frameworks/AVFoundation.framework; sourceTree = SDKROOT; };
		EE83CE3F1B39721500AECC81 /* AVCamRecorder.h */ = {isa = PBXFileReference; fileEncoding = 4; lastKnownFileType = sourcecode.c.h; path = AVCamRecorder.h; sourceTree = "<group>"; };
		EE83CE401B39721500AECC81 /* AVCamRecorder.m */ = {isa = PBXFileReference; fileEncoding = 4; lastKnownFileType = sourcecode.c.objc; path = AVCamRecorder.m; sourceTree = "<group>"; };
		EE83CE411B39721500AECC81 /* AVCamUtilities.h */ = {isa = PBXFileReference; fileEncoding = 4; lastKnownFileType = sourcecode.c.h; path = AVCamUtilities.h; sourceTree = "<group>"; };
		EE83CE421B39721500AECC81 /* AVCamUtilities.m */ = {isa = PBXFileReference; fileEncoding = 4; lastKnownFileType = sourcecode.c.objc; path = AVCamUtilities.m; sourceTree = "<group>"; };
		EE83CE431B39721500AECC81 /* CaptureManager.h */ = {isa = PBXFileReference; fileEncoding = 4; lastKnownFileType = sourcecode.c.h; path = CaptureManager.h; sourceTree = "<group>"; };
		EE83CE441B39721500AECC81 /* CaptureManager.m */ = {isa = PBXFileReference; fileEncoding = 4; lastKnownFileType = sourcecode.c.objc; path = CaptureManager.m; sourceTree = "<group>"; };
		EE83CE451B39721500AECC81 /* KZCameraView.h */ = {isa = PBXFileReference; fileEncoding = 4; lastKnownFileType = sourcecode.c.h; path = KZCameraView.h; sourceTree = "<group>"; };
		EE83CE461B39721500AECC81 /* KZCameraView.m */ = {isa = PBXFileReference; fileEncoding = 4; lastKnownFileType = sourcecode.c.objc; path = KZCameraView.m; sourceTree = "<group>"; };
		EE83CE4B1B39723500AECC81 /* RecorderViewController.h */ = {isa = PBXFileReference; fileEncoding = 4; lastKnownFileType = sourcecode.c.h; path = RecorderViewController.h; sourceTree = "<group>"; };
		EE83CE4C1B39723500AECC81 /* RecorderViewController.m */ = {isa = PBXFileReference; fileEncoding = 4; lastKnownFileType = sourcecode.c.objc; path = RecorderViewController.m; sourceTree = "<group>"; };
		EE94576A1B2572C100C305EE /* MyImageFilter.app */ = {isa = PBXFileReference; explicitFileType = wrapper.application; includeInIndex = 0; path = MyImageFilter.app; sourceTree = BUILT_PRODUCTS_DIR; };
		EE94576E1B2572C100C305EE /* Info.plist */ = {isa = PBXFileReference; lastKnownFileType = text.plist.xml; path = Info.plist; sourceTree = "<group>"; };
		EE94576F1B2572C100C305EE /* main.m */ = {isa = PBXFileReference; lastKnownFileType = sourcecode.c.objc; path = main.m; sourceTree = "<group>"; };
		EE9457711B2572C100C305EE /* AppDelegate.h */ = {isa = PBXFileReference; lastKnownFileType = sourcecode.c.h; path = AppDelegate.h; sourceTree = "<group>"; };
		EE9457721B2572C100C305EE /* AppDelegate.m */ = {isa = PBXFileReference; lastKnownFileType = sourcecode.c.objc; path = AppDelegate.m; sourceTree = "<group>"; };
		EE9457781B2572C100C305EE /* Base */ = {isa = PBXFileReference; lastKnownFileType = file.storyboard; name = Base; path = Base.lproj/Main.storyboard; sourceTree = "<group>"; };
		EE94577A1B2572C100C305EE /* Images.xcassets */ = {isa = PBXFileReference; lastKnownFileType = folder.assetcatalog; path = Images.xcassets; sourceTree = "<group>"; };
		EE94577D1B2572C100C305EE /* Base */ = {isa = PBXFileReference; lastKnownFileType = file.xib; name = Base; path = Base.lproj/LaunchScreen.xib; sourceTree = "<group>"; };
		EE9457831B2572C100C305EE /* MyImageFilterTests.xctest */ = {isa = PBXFileReference; explicitFileType = wrapper.cfbundle; includeInIndex = 0; path = MyImageFilterTests.xctest; sourceTree = BUILT_PRODUCTS_DIR; };
		EE9457881B2572C100C305EE /* Info.plist */ = {isa = PBXFileReference; lastKnownFileType = text.plist.xml; path = Info.plist; sourceTree = "<group>"; };
		EE9457891B2572C100C305EE /* MyImageFilterTests.m */ = {isa = PBXFileReference; lastKnownFileType = sourcecode.c.objc; path = MyImageFilterTests.m; sourceTree = "<group>"; };
		EE9457931B25732100C305EE /* HomeViewController.h */ = {isa = PBXFileReference; fileEncoding = 4; lastKnownFileType = sourcecode.c.h; path = HomeViewController.h; sourceTree = "<group>"; };
		EE9457941B25732100C305EE /* HomeViewController.m */ = {isa = PBXFileReference; fileEncoding = 4; lastKnownFileType = sourcecode.c.objc; path = HomeViewController.m; sourceTree = "<group>"; };
		EE9457961B25733100C305EE /* SearchViewController.h */ = {isa = PBXFileReference; fileEncoding = 4; lastKnownFileType = sourcecode.c.h; path = SearchViewController.h; sourceTree = "<group>"; };
		EE9457971B25733100C305EE /* SearchViewController.m */ = {isa = PBXFileReference; fileEncoding = 4; lastKnownFileType = sourcecode.c.objc; path = SearchViewController.m; sourceTree = "<group>"; };
		EE9457991B25739C00C305EE /* PersonInfoViewController.h */ = {isa = PBXFileReference; fileEncoding = 4; lastKnownFileType = sourcecode.c.h; path = PersonInfoViewController.h; sourceTree = "<group>"; };
		EE94579A1B25739C00C305EE /* PersonInfoViewController.m */ = {isa = PBXFileReference; fileEncoding = 4; lastKnownFileType = sourcecode.c.objc; path = PersonInfoViewController.m; sourceTree = "<group>"; };
		EE94579C1B2581DD00C305EE /* PhotoEditingViewController.h */ = {isa = PBXFileReference; fileEncoding = 4; lastKnownFileType = sourcecode.c.h; path = PhotoEditingViewController.h; sourceTree = "<group>"; };
		EE94579D1B2581DD00C305EE /* PhotoEditingViewController.m */ = {isa = PBXFileReference; fileEncoding = 4; lastKnownFileType = sourcecode.c.objc; path = PhotoEditingViewController.m; sourceTree = "<group>"; };
		EE94579E1B2581DD00C305EE /* PhotoEditingViewController.xib */ = {isa = PBXFileReference; fileEncoding = 4; lastKnownFileType = file.xib; path = PhotoEditingViewController.xib; sourceTree = "<group>"; };
		EEA5E6971B3A9F0800D46934 /* PhotoCollectionViewCell.h */ = {isa = PBXFileReference; fileEncoding = 4; lastKnownFileType = sourcecode.c.h; path = PhotoCollectionViewCell.h; sourceTree = "<group>"; };
		EEA5E6981B3A9F0800D46934 /* PhotoCollectionViewCell.m */ = {isa = PBXFileReference; fileEncoding = 4; lastKnownFileType = sourcecode.c.objc; path = PhotoCollectionViewCell.m; sourceTree = "<group>"; };
		EEA5E6991B3A9F0800D46934 /* PhotoCollectionViewCell.xib */ = {isa = PBXFileReference; fileEncoding = 4; lastKnownFileType = file.xib; path = PhotoCollectionViewCell.xib; sourceTree = "<group>"; };
		EEE277991B3973EB005DC33C /* PrefixHeader.pch */ = {isa = PBXFileReference; fileEncoding = 4; lastKnownFileType = sourcecode.c.h; path = PrefixHeader.pch; sourceTree = "<group>"; };
		EEE2779A1B3A5F38005DC33C /* ImagePickerViewController.h */ = {isa = PBXFileReference; fileEncoding = 4; lastKnownFileType = sourcecode.c.h; path = ImagePickerViewController.h; sourceTree = "<group>"; };
		EEE2779B1B3A5F38005DC33C /* ImagePickerViewController.m */ = {isa = PBXFileReference; fileEncoding = 4; lastKnownFileType = sourcecode.c.objc; path = ImagePickerViewController.m; sourceTree = "<group>"; };
		EEF675161B31805C00161F87 /* UIImage+Filter.h */ = {isa = PBXFileReference; fileEncoding = 4; lastKnownFileType = sourcecode.c.h; path = "UIImage+Filter.h"; sourceTree = "<group>"; };
		EEF675171B31805C00161F87 /* UIImage+Filter.m */ = {isa = PBXFileReference; fileEncoding = 4; lastKnownFileType = sourcecode.c.objc; path = "UIImage+Filter.m"; sourceTree = "<group>"; };
		EEF675191B3180C600161F87 /* CIFilter+Image.h */ = {isa = PBXFileReference; fileEncoding = 4; lastKnownFileType = sourcecode.c.h; path = "CIFilter+Image.h"; sourceTree = "<group>"; };
		EEF6751A1B3180C600161F87 /* CIFilter+Image.m */ = {isa = PBXFileReference; fileEncoding = 4; lastKnownFileType = sourcecode.c.objc; path = "CIFilter+Image.m"; sourceTree = "<group>"; };
		EEF6751D1B32BCAE00161F87 /* UIImage+Mark.h */ = {isa = PBXFileReference; fileEncoding = 4; lastKnownFileType = sourcecode.c.h; path = "UIImage+Mark.h"; sourceTree = "<group>"; };
		EEF6751E1B32BCAE00161F87 /* UIImage+Mark.m */ = {isa = PBXFileReference; fileEncoding = 4; lastKnownFileType = sourcecode.c.objc; path = "UIImage+Mark.m"; sourceTree = "<group>"; };
/* End PBXFileReference section */

/* Begin PBXFrameworksBuildPhase section */
		EE9457671B2572C100C305EE /* Frameworks */ = {
			isa = PBXFrameworksBuildPhase;
			buildActionMask = 2147483647;
			files = (
				EE7CADCD1B3968F40099CB60 /* AVFoundation.framework in Frameworks */,
				EE7CADCB1B3968CB0099CB60 /* AssetsLibrary.framework in Frameworks */,
			);
			runOnlyForDeploymentPostprocessing = 0;
		};
		EE9457801B2572C100C305EE /* Frameworks */ = {
			isa = PBXFrameworksBuildPhase;
			buildActionMask = 2147483647;
			files = (
			);
			runOnlyForDeploymentPostprocessing = 0;
		};
/* End PBXFrameworksBuildPhase section */

/* Begin PBXGroup section */
		EE030ADC1B3BD8B00061986A /* Utils */ = {
			isa = PBXGroup;
			children = (
				EE030ADD1B3BD8B90061986A /* SVProgressHUD */,
			);
			path = Utils;
			sourceTree = "<group>";
		};
		EE030ADD1B3BD8B90061986A /* SVProgressHUD */ = {
			isa = PBXGroup;
			children = (
				EE030ADE1B3BD8B90061986A /* SVIndefiniteAnimatedView.h */,
				EE030ADF1B3BD8B90061986A /* SVIndefiniteAnimatedView.m */,
				EE030AE01B3BD8B90061986A /* SVProgressHUD-Prefix.pch */,
				EE030AE11B3BD8B90061986A /* SVProgressHUD.bundle */,
				EE030AE21B3BD8B90061986A /* SVProgressHUD.h */,
				EE030AE31B3BD8B90061986A /* SVProgressHUD.m */,
			);
			path = SVProgressHUD;
			sourceTree = "<group>";
		};
		EE55A7671B392A8E00D473B0 /* Filter_LUT */ = {
			isa = PBXGroup;
			children = (
				EE55A7681B392A8E00D473B0 /* filter_lut_1.png */,
				EE55A7691B392A8E00D473B0 /* filter_lut_2.png */,
				EE55A76A1B392A8E00D473B0 /* filter_lut_3.png */,
				EE55A76B1B392A8E00D473B0 /* filter_lut_4.png */,
			);
			path = Filter_LUT;
			sourceTree = "<group>";
		};
		EE55A7701B392BE300D473B0 /* FeSlideFilterView */ = {
			isa = PBXGroup;
			children = (
				EE55A7711B392BE300D473B0 /* FeSlideFilterView.h */,
				EE55A7721B392BE300D473B0 /* FeSlideFilterView.m */,
			);
			path = FeSlideFilterView;
			sourceTree = "<group>";
		};
		EE55A7771B39310900D473B0 /* images */ = {
			isa = PBXGroup;
			children = (
				EE55A7871B394F6000D473B0 /* bg_countdown_view.png */,
				EE55A7881B394F6000D473B0 /* bg_countdown_view@2x.png */,
				EE55A7891B394F6000D473B0 /* btn_camera_done_a.png */,
				EE55A78A1B394F6000D473B0 /* btn_camera_done_a@2x.png */,
				EE55A78B1B394F6000D473B0 /* btn_cancel_a.png */,
				EE55A78C1B394F6000D473B0 /* btn_cancel_a@2x.png */,
				EE55A78D1B394F6000D473B0 /* btn_del_a.png */,
				EE55A78E1B394F6000D473B0 /* btn_del_a@2x.png */,
				EE55A78F1B394F6000D473B0 /* btn_tabBar_bg.png */,
				EE55A7901B394F6000D473B0 /* btn_tabBar_bg@2x.png */,
				EE55A7911B394F6000D473B0 /* btn_video_flash_close.png */,
				EE55A7921B394F6000D473B0 /* btn_video_flash_close@2x.png */,
				EE55A7931B394F6000D473B0 /* btn_video_flash_open.png */,
				EE55A7941B394F6000D473B0 /* btn_video_flash_open@2x.png */,
				EE55A7951B394F6000D473B0 /* btn_video_flip_camera.png */,
				EE55A7961B394F6000D473B0 /* btn_video_flip_camera@2x.png */,
				EE55A7971B394F6000D473B0 /* camera_focus_red.png */,
				EE55A7981B394F6000D473B0 /* camera_focus_red@2x.png */,
				EE55A7991B394F6000D473B0 /* icon_btn_camera_flash_auto.png */,
				EE55A79A1B394F6000D473B0 /* icon_btn_camera_flash_auto@2x.png */,
				EE55A79B1B394F6000D473B0 /* icon_btn_camera_flash_off.png */,
				EE55A79C1B394F6000D473B0 /* icon_btn_camera_flash_off@2x.png */,
				EE55A79D1B394F6000D473B0 /* icon_btn_camera_flash_on.png */,
				EE55A79E1B394F6000D473B0 /* icon_btn_camera_flash_on@2x.png */,
				EE55A79F1B394F6000D473B0 /* icon_facial_btn_take.png */,
				EE55A7A01B394F6000D473B0 /* icon_facial_btn_take@2x.png */,
				EE55A7A11B394F6000D473B0 /* sc_btn_take.png */,
				EE55A7A21B394F6000D473B0 /* sc_btn_take@2x.png */,
				EE55A7801B39315F00D473B0 /* sample.jpg */,
				EE55A77C1B39315300D473B0 /* done.png */,
				EE55A77D1B39315300D473B0 /* done@2x.png */,
			);
			path = images;
			sourceTree = "<group>";
		};
		EE55A7BF1B3951BB00D473B0 /* CustomFilterView */ = {
			isa = PBXGroup;
			children = (
				EE55A7C01B3951BB00D473B0 /* CustomFilterButtonView.h */,
				EE55A7C11B3951BB00D473B0 /* CustomFilterButtonView.m */,
			);
			path = CustomFilterView;
			sourceTree = "<group>";
		};
		EE83CE3D1B39721500AECC81 /* VideoRecorder */ = {
			isa = PBXGroup;
			children = (
				EE83CE3E1B39721500AECC81 /* AVCam */,
				EE83CE451B39721500AECC81 /* KZCameraView.h */,
				EE83CE461B39721500AECC81 /* KZCameraView.m */,
			);
			path = VideoRecorder;
			sourceTree = "<group>";
		};
		EE83CE3E1B39721500AECC81 /* AVCam */ = {
			isa = PBXGroup;
			children = (
				EE83CE3F1B39721500AECC81 /* AVCamRecorder.h */,
				EE83CE401B39721500AECC81 /* AVCamRecorder.m */,
				EE83CE411B39721500AECC81 /* AVCamUtilities.h */,
				EE83CE421B39721500AECC81 /* AVCamUtilities.m */,
				EE83CE431B39721500AECC81 /* CaptureManager.h */,
				EE83CE441B39721500AECC81 /* CaptureManager.m */,
			);
			path = AVCam;
			sourceTree = "<group>";
		};
		EE9457611B2572C100C305EE = {
			isa = PBXGroup;
			children = (
				EE7CADCC1B3968F40099CB60 /* AVFoundation.framework */,
				EE7CADCA1B3968CB0099CB60 /* AssetsLibrary.framework */,
				EE94576C1B2572C100C305EE /* MyImageFilter */,
				EE9457861B2572C100C305EE /* MyImageFilterTests */,
				EE94576B1B2572C100C305EE /* Products */,
			);
			sourceTree = "<group>";
		};
		EE94576B1B2572C100C305EE /* Products */ = {
			isa = PBXGroup;
			children = (
				EE94576A1B2572C100C305EE /* MyImageFilter.app */,
				EE9457831B2572C100C305EE /* MyImageFilterTests.xctest */,
			);
			name = Products;
			sourceTree = "<group>";
		};
		EE94576C1B2572C100C305EE /* MyImageFilter */ = {
			isa = PBXGroup;
			children = (
				EE030ADC1B3BD8B00061986A /* Utils */,
				EE55A7701B392BE300D473B0 /* FeSlideFilterView */,
				EEF675151B31804200161F87 /* Category-Filter */,
				EE55A7BF1B3951BB00D473B0 /* CustomFilterView */,
				EE83CE3D1B39721500AECC81 /* VideoRecorder */,
				EEA5E6961B3A9EC800D46934 /* CustomView */,
				EE9457721B2572C100C305EE /* AppDelegate.m */,
				EE9457711B2572C100C305EE /* AppDelegate.h */,
				EE83CE4B1B39723500AECC81 /* RecorderViewController.h */,
				EE83CE4C1B39723500AECC81 /* RecorderViewController.m */,
				EE9457931B25732100C305EE /* HomeViewController.h */,
				EE9457941B25732100C305EE /* HomeViewController.m */,
				EE9457961B25733100C305EE /* SearchViewController.h */,
				EE9457971B25733100C305EE /* SearchViewController.m */,
				EE94579C1B2581DD00C305EE /* PhotoEditingViewController.h */,
				EE94579D1B2581DD00C305EE /* PhotoEditingViewController.m */,
				EE94579E1B2581DD00C305EE /* PhotoEditingViewController.xib */,
				EE55A7821B394E5900D473B0 /* CameraRecordViewController.h */,
				EE55A7831B394E5900D473B0 /* CameraRecordViewController.m */,
				EEE2779A1B3A5F38005DC33C /* ImagePickerViewController.h */,
				EEE2779B1B3A5F38005DC33C /* ImagePickerViewController.m */,
				EE9457991B25739C00C305EE /* PersonInfoViewController.h */,
				EE94579A1B25739C00C305EE /* PersonInfoViewController.m */,
				EE9457771B2572C100C305EE /* Main.storyboard */,
				EE94577A1B2572C100C305EE /* Images.xcassets */,
				EE94577C1B2572C100C305EE /* LaunchScreen.xib */,
				EE94576D1B2572C100C305EE /* Supporting Files */,
			);
			path = MyImageFilter;
			sourceTree = "<group>";
		};
		EE94576D1B2572C100C305EE /* Supporting Files */ = {
			isa = PBXGroup;
			children = (
				EE55A7771B39310900D473B0 /* images */,
				EE55A7671B392A8E00D473B0 /* Filter_LUT */,
				EE94576E1B2572C100C305EE /* Info.plist */,
				EEE277991B3973EB005DC33C /* PrefixHeader.pch */,
				EE94576F1B2572C100C305EE /* main.m */,
			);
			name = "Supporting Files";
			sourceTree = "<group>";
		};
		EE9457861B2572C100C305EE /* MyImageFilterTests */ = {
			isa = PBXGroup;
			children = (
				EE9457891B2572C100C305EE /* MyImageFilterTests.m */,
				EE9457871B2572C100C305EE /* Supporting Files */,
			);
			path = MyImageFilterTests;
			sourceTree = "<group>";
		};
		EE9457871B2572C100C305EE /* Supporting Files */ = {
			isa = PBXGroup;
			children = (
				EE9457881B2572C100C305EE /* Info.plist */,
			);
			name = "Supporting Files";
			sourceTree = "<group>";
		};
		EEA5E6961B3A9EC800D46934 /* CustomView */ = {
			isa = PBXGroup;
			children = (
				EEA5E6971B3A9F0800D46934 /* PhotoCollectionViewCell.h */,
				EEA5E6981B3A9F0800D46934 /* PhotoCollectionViewCell.m */,
				EEA5E6991B3A9F0800D46934 /* PhotoCollectionViewCell.xib */,
			);
			path = CustomView;
			sourceTree = "<group>";
		};
		EEF675151B31804200161F87 /* Category-Filter */ = {
			isa = PBXGroup;
			children = (
				EEF675161B31805C00161F87 /* UIImage+Filter.h */,
				EEF675171B31805C00161F87 /* UIImage+Filter.m */,
				EEF6751D1B32BCAE00161F87 /* UIImage+Mark.h */,
				EEF6751E1B32BCAE00161F87 /* UIImage+Mark.m */,
				EEF675191B3180C600161F87 /* CIFilter+Image.h */,
				EEF6751A1B3180C600161F87 /* CIFilter+Image.m */,
				EE55A7741B392DCF00D473B0 /* CIFilter+LUT.h */,
				EE55A7751B392DCF00D473B0 /* CIFilter+LUT.m */,
			);
			path = "Category-Filter";
			sourceTree = "<group>";
		};
/* End PBXGroup section */

/* Begin PBXNativeTarget section */
		EE9457691B2572C100C305EE /* MyImageFilter */ = {
			isa = PBXNativeTarget;
			buildConfigurationList = EE94578D1B2572C100C305EE /* Build configuration list for PBXNativeTarget "MyImageFilter" */;
			buildPhases = (
				EE9457661B2572C100C305EE /* Sources */,
				EE9457671B2572C100C305EE /* Frameworks */,
				EE9457681B2572C100C305EE /* Resources */,
			);
			buildRules = (
			);
			dependencies = (
			);
			name = MyImageFilter;
			productName = MyImageFilter;
			productReference = EE94576A1B2572C100C305EE /* MyImageFilter.app */;
			productType = "com.apple.product-type.application";
		};
		EE9457821B2572C100C305EE /* MyImageFilterTests */ = {
			isa = PBXNativeTarget;
			buildConfigurationList = EE9457901B2572C100C305EE /* Build configuration list for PBXNativeTarget "MyImageFilterTests" */;
			buildPhases = (
				EE94577F1B2572C100C305EE /* Sources */,
				EE9457801B2572C100C305EE /* Frameworks */,
				EE9457811B2572C100C305EE /* Resources */,
			);
			buildRules = (
			);
			dependencies = (
				EE9457851B2572C100C305EE /* PBXTargetDependency */,
			);
			name = MyImageFilterTests;
			productName = MyImageFilterTests;
			productReference = EE9457831B2572C100C305EE /* MyImageFilterTests.xctest */;
			productType = "com.apple.product-type.bundle.unit-test";
		};
/* End PBXNativeTarget section */

/* Begin PBXProject section */
		EE9457621B2572C100C305EE /* Project object */ = {
			isa = PBXProject;
			attributes = {
				LastUpgradeCheck = 0630;
				ORGANIZATIONNAME = jiangshiyong;
				TargetAttributes = {
					EE9457691B2572C100C305EE = {
						CreatedOnToolsVersion = 6.3.2;
					};
					EE9457821B2572C100C305EE = {
						CreatedOnToolsVersion = 6.3.2;
						TestTargetID = EE9457691B2572C100C305EE;
					};
				};
			};
			buildConfigurationList = EE9457651B2572C100C305EE /* Build configuration list for PBXProject "MyImageFilter" */;
			compatibilityVersion = "Xcode 3.2";
			developmentRegion = English;
			hasScannedForEncodings = 0;
			knownRegions = (
				en,
				Base,
			);
			mainGroup = EE9457611B2572C100C305EE;
			productRefGroup = EE94576B1B2572C100C305EE /* Products */;
			projectDirPath = "";
			projectRoot = "";
			targets = (
				EE9457691B2572C100C305EE /* MyImageFilter */,
				EE9457821B2572C100C305EE /* MyImageFilterTests */,
			);
		};
/* End PBXProject section */

/* Begin PBXResourcesBuildPhase section */
		EE9457681B2572C100C305EE /* Resources */ = {
			isa = PBXResourcesBuildPhase;
			buildActionMask = 2147483647;
			files = (
				EE55A76F1B392A8E00D473B0 /* filter_lut_4.png in Resources */,
				EE55A7AB1B394F6000D473B0 /* btn_tabBar_bg.png in Resources */,
				EE55A7AC1B394F6000D473B0 /* btn_tabBar_bg@2x.png in Resources */,
				EE55A7811B39315F00D473B0 /* sample.jpg in Resources */,
				EE55A7A41B394F6000D473B0 /* bg_countdown_view@2x.png in Resources */,
				EE030AE51B3BD8B90061986A /* SVProgressHUD.bundle in Resources */,
				EE55A7B61B394F6000D473B0 /* icon_btn_camera_flash_auto@2x.png in Resources */,
				EE9457A01B2581DD00C305EE /* PhotoEditingViewController.xib in Resources */,
				EE55A7BD1B394F6000D473B0 /* sc_btn_take.png in Resources */,
				EE55A77E1B39315300D473B0 /* done.png in Resources */,
				EE9457791B2572C100C305EE /* Main.storyboard in Resources */,
				EE55A7BC1B394F6000D473B0 /* icon_facial_btn_take@2x.png in Resources */,
				EE55A7A61B394F6000D473B0 /* btn_camera_done_a@2x.png in Resources */,
				EE55A7BE1B394F6000D473B0 /* sc_btn_take@2x.png in Resources */,
				EE55A76D1B392A8E00D473B0 /* filter_lut_2.png in Resources */,
				EE55A7B41B394F6000D473B0 /* camera_focus_red@2x.png in Resources */,
				EE55A7B11B394F6000D473B0 /* btn_video_flip_camera.png in Resources */,
				EE55A7A51B394F6000D473B0 /* btn_camera_done_a.png in Resources */,
				EE55A7B81B394F6000D473B0 /* icon_btn_camera_flash_off@2x.png in Resources */,
				EE55A7A81B394F6000D473B0 /* btn_cancel_a@2x.png in Resources */,
				EE55A7BB1B394F6000D473B0 /* icon_facial_btn_take.png in Resources */,
				EE94577E1B2572C100C305EE /* LaunchScreen.xib in Resources */,
				EEA5E69B1B3A9F0800D46934 /* PhotoCollectionViewCell.xib in Resources */,
				EE94577B1B2572C100C305EE /* Images.xcassets in Resources */,
				EE55A7B01B394F6000D473B0 /* btn_video_flash_open@2x.png in Resources */,
				EE55A7A31B394F6000D473B0 /* bg_countdown_view.png in Resources */,
				EE55A7B91B394F6000D473B0 /* icon_btn_camera_flash_on.png in Resources */,
				EE55A76E1B392A8E00D473B0 /* filter_lut_3.png in Resources */,
				EE55A7B31B394F6000D473B0 /* camera_focus_red.png in Resources */,
				EE55A77F1B39315300D473B0 /* done@2x.png in Resources */,
				EE55A7A71B394F6000D473B0 /* btn_cancel_a.png in Resources */,
				EE55A7AD1B394F6000D473B0 /* btn_video_flash_close.png in Resources */,
				EE55A7B21B394F6000D473B0 /* btn_video_flip_camera@2x.png in Resources */,
				EE55A7AA1B394F6000D473B0 /* btn_del_a@2x.png in Resources */,
				EE55A7BA1B394F6000D473B0 /* icon_btn_camera_flash_on@2x.png in Resources */,
				EE55A7B71B394F6000D473B0 /* icon_btn_camera_flash_off.png in Resources */,
				EE55A7AE1B394F6000D473B0 /* btn_video_flash_close@2x.png in Resources */,
				EE55A7A91B394F6000D473B0 /* btn_del_a.png in Resources */,
				EE55A7AF1B394F6000D473B0 /* btn_video_flash_open.png in Resources */,
				EE55A76C1B392A8E00D473B0 /* filter_lut_1.png in Resources */,
				EE55A7B51B394F6000D473B0 /* icon_btn_camera_flash_auto.png in Resources */,
			);
			runOnlyForDeploymentPostprocessing = 0;
		};
		EE9457811B2572C100C305EE /* Resources */ = {
			isa = PBXResourcesBuildPhase;
			buildActionMask = 2147483647;
			files = (
			);
			runOnlyForDeploymentPostprocessing = 0;
		};
/* End PBXResourcesBuildPhase section */

/* Begin PBXSourcesBuildPhase section */
		EE9457661B2572C100C305EE /* Sources */ = {
			isa = PBXSourcesBuildPhase;
			buildActionMask = 2147483647;
			files = (
				EE83CE481B39721500AECC81 /* AVCamUtilities.m in Sources */,
				EE9457731B2572C100C305EE /* AppDelegate.m in Sources */,
				EE9457701B2572C100C305EE /* main.m in Sources */,
				EEF6751F1B32BCAE00161F87 /* UIImage+Mark.m in Sources */,
				EE55A7731B392BE300D473B0 /* FeSlideFilterView.m in Sources */,
				EE030AE41B3BD8B90061986A /* SVIndefiniteAnimatedView.m in Sources */,
				EEF675181B31805C00161F87 /* UIImage+Filter.m in Sources */,
				EE83CE4D1B39723500AECC81 /* RecorderViewController.m in Sources */,
				EE94579F1B2581DD00C305EE /* PhotoEditingViewController.m in Sources */,
				EE030AE61B3BD8B90061986A /* SVProgressHUD.m in Sources */,
				EE94579B1B25739C00C305EE /* PersonInfoViewController.m in Sources */,
				EE55A7851B394E5900D473B0 /* CameraRecordViewController.m in Sources */,
				EEE2779C1B3A5F38005DC33C /* ImagePickerViewController.m in Sources */,
				EE55A7C21B3951BB00D473B0 /* CustomFilterButtonView.m in Sources */,
				EE83CE491B39721500AECC81 /* CaptureManager.m in Sources */,
				EEA5E69A1B3A9F0800D46934 /* PhotoCollectionViewCell.m in Sources */,
				EE9457981B25733100C305EE /* SearchViewController.m in Sources */,
				EE9457951B25732100C305EE /* HomeViewController.m in Sources */,
				EEF6751B1B3180C600161F87 /* CIFilter+Image.m in Sources */,
				EE83CE471B39721500AECC81 /* AVCamRecorder.m in Sources */,
				EE83CE4A1B39721500AECC81 /* KZCameraView.m in Sources */,
				EE55A7761B392DCF00D473B0 /* CIFilter+LUT.m in Sources */,
			);
			runOnlyForDeploymentPostprocessing = 0;
		};
		EE94577F1B2572C100C305EE /* Sources */ = {
			isa = PBXSourcesBuildPhase;
			buildActionMask = 2147483647;
			files = (
				EE94578A1B2572C100C305EE /* MyImageFilterTests.m in Sources */,
			);
			runOnlyForDeploymentPostprocessing = 0;
		};
/* End PBXSourcesBuildPhase section */

/* Begin PBXTargetDependency section */
		EE9457851B2572C100C305EE /* PBXTargetDependency */ = {
			isa = PBXTargetDependency;
			target = EE9457691B2572C100C305EE /* MyImageFilter */;
			targetProxy = EE9457841B2572C100C305EE /* PBXContainerItemProxy */;
		};
/* End PBXTargetDependency section */

/* Begin PBXVariantGroup section */
		EE9457771B2572C100C305EE /* Main.storyboard */ = {
			isa = PBXVariantGroup;
			children = (
				EE9457781B2572C100C305EE /* Base */,
			);
			name = Main.storyboard;
			sourceTree = "<group>";
		};
		EE94577C1B2572C100C305EE /* LaunchScreen.xib */ = {
			isa = PBXVariantGroup;
			children = (
				EE94577D1B2572C100C305EE /* Base */,
			);
			name = LaunchScreen.xib;
			sourceTree = "<group>";
		};
/* End PBXVariantGroup section */

/* Begin XCBuildConfiguration section */
		EE94578B1B2572C100C305EE /* Debug */ = {
			isa = XCBuildConfiguration;
			buildSettings = {
				ALWAYS_SEARCH_USER_PATHS = NO;
				CLANG_CXX_LANGUAGE_STANDARD = "gnu++0x";
				CLANG_CXX_LIBRARY = "libc++";
				CLANG_ENABLE_MODULES = YES;
				CLANG_ENABLE_OBJC_ARC = YES;
				CLANG_WARN_BOOL_CONVERSION = YES;
				CLANG_WARN_CONSTANT_CONVERSION = YES;
				CLANG_WARN_DIRECT_OBJC_ISA_USAGE = YES_ERROR;
				CLANG_WARN_EMPTY_BODY = YES;
				CLANG_WARN_ENUM_CONVERSION = YES;
				CLANG_WARN_INT_CONVERSION = YES;
				CLANG_WARN_OBJC_ROOT_CLASS = YES_ERROR;
				CLANG_WARN_UNREACHABLE_CODE = YES;
				CLANG_WARN__DUPLICATE_METHOD_MATCH = YES;
				"CODE_SIGN_IDENTITY[sdk=iphoneos*]" = "iPhone Developer";
				COPY_PHASE_STRIP = NO;
				DEBUG_INFORMATION_FORMAT = "dwarf-with-dsym";
				ENABLE_STRICT_OBJC_MSGSEND = YES;
				GCC_C_LANGUAGE_STANDARD = gnu99;
				GCC_DYNAMIC_NO_PIC = NO;
				GCC_NO_COMMON_BLOCKS = YES;
				GCC_OPTIMIZATION_LEVEL = 0;
				GCC_PREPROCESSOR_DEFINITIONS = (
					"DEBUG=1",
					"$(inherited)",
				);
				GCC_SYMBOLS_PRIVATE_EXTERN = NO;
				GCC_WARN_64_TO_32_BIT_CONVERSION = YES;
				GCC_WARN_ABOUT_RETURN_TYPE = YES_ERROR;
				GCC_WARN_UNDECLARED_SELECTOR = YES;
				GCC_WARN_UNINITIALIZED_AUTOS = YES_AGGRESSIVE;
				GCC_WARN_UNUSED_FUNCTION = YES;
				GCC_WARN_UNUSED_VARIABLE = YES;
				IPHONEOS_DEPLOYMENT_TARGET = 8.3;
				MTL_ENABLE_DEBUG_INFO = YES;
				ONLY_ACTIVE_ARCH = YES;
				SDKROOT = iphoneos;
			};
			name = Debug;
		};
		EE94578C1B2572C100C305EE /* Release */ = {
			isa = XCBuildConfiguration;
			buildSettings = {
				ALWAYS_SEARCH_USER_PATHS = NO;
				CLANG_CXX_LANGUAGE_STANDARD = "gnu++0x";
				CLANG_CXX_LIBRARY = "libc++";
				CLANG_ENABLE_MODULES = YES;
				CLANG_ENABLE_OBJC_ARC = YES;
				CLANG_WARN_BOOL_CONVERSION = YES;
				CLANG_WARN_CONSTANT_CONVERSION = YES;
				CLANG_WARN_DIRECT_OBJC_ISA_USAGE = YES_ERROR;
				CLANG_WARN_EMPTY_BODY = YES;
				CLANG_WARN_ENUM_CONVERSION = YES;
				CLANG_WARN_INT_CONVERSION = YES;
				CLANG_WARN_OBJC_ROOT_CLASS = YES_ERROR;
				CLANG_WARN_UNREACHABLE_CODE = YES;
				CLANG_WARN__DUPLICATE_METHOD_MATCH = YES;
				"CODE_SIGN_IDENTITY[sdk=iphoneos*]" = "iPhone Developer";
				COPY_PHASE_STRIP = NO;
				DEBUG_INFORMATION_FORMAT = "dwarf-with-dsym";
				ENABLE_NS_ASSERTIONS = NO;
				ENABLE_STRICT_OBJC_MSGSEND = YES;
				GCC_C_LANGUAGE_STANDARD = gnu99;
				GCC_NO_COMMON_BLOCKS = YES;
				GCC_WARN_64_TO_32_BIT_CONVERSION = YES;
				GCC_WARN_ABOUT_RETURN_TYPE = YES_ERROR;
				GCC_WARN_UNDECLARED_SELECTOR = YES;
				GCC_WARN_UNINITIALIZED_AUTOS = YES_AGGRESSIVE;
				GCC_WARN_UNUSED_FUNCTION = YES;
				GCC_WARN_UNUSED_VARIABLE = YES;
				IPHONEOS_DEPLOYMENT_TARGET = 8.3;
				MTL_ENABLE_DEBUG_INFO = NO;
				SDKROOT = iphoneos;
				VALIDATE_PRODUCT = YES;
			};
			name = Release;
		};
		EE94578E1B2572C100C305EE /* Debug */ = {
			isa = XCBuildConfiguration;
			buildSettings = {
				ASSETCATALOG_COMPILER_APPICON_NAME = AppIcon;
				GCC_PREFIX_HEADER = "$(SRCROOT)/MyImageFilter/PrefixHeader.pch";
				INFOPLIST_FILE = MyImageFilter/Info.plist;
				IPHONEOS_DEPLOYMENT_TARGET = 7.0;
				LD_RUNPATH_SEARCH_PATHS = "$(inherited) @executable_path/Frameworks";
				PRODUCT_NAME = "$(TARGET_NAME)";
				PROVISIONING_PROFILE = "07c2e7c9-77de-425f-9488-59edfd26bdab";
				TARGETED_DEVICE_FAMILY = 1;
			};
			name = Debug;
		};
		EE94578F1B2572C100C305EE /* Release */ = {
			isa = XCBuildConfiguration;
			buildSettings = {
				ASSETCATALOG_COMPILER_APPICON_NAME = AppIcon;
				CODE_SIGN_IDENTITY = "iPhone Developer: jiang shiyong (32DK52XR3F)";
				"CODE_SIGN_IDENTITY[sdk=iphoneos*]" = "iPhone Developer: jiang shiyong (32DK52XR3F)";
				GCC_PREFIX_HEADER = "$(SRCROOT)/MyImageFilter/PrefixHeader.pch";
				INFOPLIST_FILE = MyImageFilter/Info.plist;
				IPHONEOS_DEPLOYMENT_TARGET = 7.0;
				LD_RUNPATH_SEARCH_PATHS = "$(inherited) @executable_path/Frameworks";
				PRODUCT_NAME = "$(TARGET_NAME)";
				PROVISIONING_PROFILE = "07c2e7c9-77de-425f-9488-59edfd26bdab";
				TARGETED_DEVICE_FAMILY = 1;
			};
			name = Release;
		};
		EE9457911B2572C100C305EE /* Debug */ = {
			isa = XCBuildConfiguration;
			buildSettings = {
				BUNDLE_LOADER = "$(TEST_HOST)";
				FRAMEWORK_SEARCH_PATHS = (
					"$(SDKROOT)/Developer/Library/Frameworks",
					"$(inherited)",
				);
				GCC_PREPROCESSOR_DEFINITIONS = (
					"DEBUG=1",
					"$(inherited)",
				);
				INFOPLIST_FILE = MyImageFilterTests/Info.plist;
				LD_RUNPATH_SEARCH_PATHS = "$(inherited) @executable_path/Frameworks @loader_path/Frameworks";
				PRODUCT_NAME = "$(TARGET_NAME)";
				TEST_HOST = "$(BUILT_PRODUCTS_DIR)/MyImageFilter.app/MyImageFilter";
			};
			name = Debug;
		};
		EE9457921B2572C100C305EE /* Release */ = {
			isa = XCBuildConfiguration;
			buildSettings = {
				BUNDLE_LOADER = "$(TEST_HOST)";
				FRAMEWORK_SEARCH_PATHS = (
					"$(SDKROOT)/Developer/Library/Frameworks",
					"$(inherited)",
				);
				INFOPLIST_FILE = MyImageFilterTests/Info.plist;
				LD_RUNPATH_SEARCH_PATHS = "$(inherited) @executable_path/Frameworks @loader_path/Frameworks";
				PRODUCT_NAME = "$(TARGET_NAME)";
				TEST_HOST = "$(BUILT_PRODUCTS_DIR)/MyImageFilter.app/MyImageFilter";
			};
			name = Release;
		};
/* End XCBuildConfiguration section */

/* Begin XCConfigurationList section */
		EE9457651B2572C100C305EE /* Build configuration list for PBXProject "MyImageFilter" */ = {
			isa = XCConfigurationList;
			buildConfigurations = (
				EE94578B1B2572C100C305EE /* Debug */,
				EE94578C1B2572C100C305EE /* Release */,
			);
			defaultConfigurationIsVisible = 0;
			defaultConfigurationName = Release;
		};
		EE94578D1B2572C100C305EE /* Build configuration list for PBXNativeTarget "MyImageFilter" */ = {
			isa = XCConfigurationList;
			buildConfigurations = (
				EE94578E1B2572C100C305EE /* Debug */,
				EE94578F1B2572C100C305EE /* Release */,
			);
			defaultConfigurationIsVisible = 0;
			defaultConfigurationName = Release;
		};
		EE9457901B2572C100C305EE /* Build configuration list for PBXNativeTarget "MyImageFilterTests" */ = {
			isa = XCConfigurationList;
			buildConfigurations = (
				EE9457911B2572C100C305EE /* Debug */,
				EE9457921B2572C100C305EE /* Release */,
			);
			defaultConfigurationIsVisible = 0;
			defaultConfigurationName = Release;
		};
/* End XCConfigurationList section */
	};
	rootObject = EE9457621B2572C100C305EE /* Project object */;
}
